Microsoft Visual Studio Solution File, Format Version 12.00
# Visual Studio 15
VisualStudioVersion = 15.0.28307.489
MinimumVisualStudioVersion = 10.0.40219.1
Project("{FAE04EC0-301F-11D3-BF4B-00C04F79EFBC}") = "VFPToolkitNET_CSharpNET_Source", "VFPToolkitNET_CSharpNET_Source.csproj", "{CA9F2B40-9CBD-488B-90BC-99296FBEDD07}"
EndProject
Global
	GlobalSection(SolutionConfigurationPlatforms) = preSolution
		Debug|Any CPU = Debug|Any CPU
		Release|Any CPU = Release|Any CPU
	EndGlobalSection
	GlobalSection(ProjectConfigurationPlatforms) = postSolution
		{CA9F2B40-9CBD-488B-90BC-99296FBEDD07}.Debug|Any CPU.ActiveCfg = Debug|Any CPU
		{CA9F2B40-9CBD-488B-90BC-99296FBEDD07}.Debug|Any CPU.Build.0 = Debug|Any CPU
		{CA9F2B40-9CBD-488B-90BC-99296FBEDD07}.Release|Any CPU.ActiveCfg = Release|Any CPU
		{CA9F2B40-9CBD-488B-90BC-99296FBEDD07}.Release|Any CPU.Build.0 = Release|Any CPU
	EndGlobalSection
	GlobalSection(SolutionProperties) = preSolution
		HideSolutionNode = FALSE
	EndGlobalSection
	GlobalSection(ExtensibilityGlobals) = postSolution
		SolutionGuid = {D1A22458-9822-4F1C-9968-FE3FA7F92F1E}
	EndGlobalSection
EndGlobal
